Microsoft Visual Studio Solution File, Format Version 12.00
# Visual Studio Version 17
VisualStudioVersion = 17.5.2.0
MinimumVisualStudioVersion = 10.0.40219.1
Project("{FAE04EC0-301F-11D3-BF4B-00C04F79EFBC}") = "BiometricHelper", "biometric-helper\BiometricHelper.csproj", "{22B01A81-9264-0D6B-A42A-35ADA9ADAD4A}"
EndProject
Global
	GlobalSection(SolutionConfigurationPlatforms) = preSolution
		Debug|Any CPU = Debug|Any CPU
		Release|Any CPU = Release|Any CPU
	EndGlobalSection
	GlobalSection(ProjectConfigurationPlatforms) = postSolution
		{22B01A81-9264-0D6B-A42A-35ADA9ADAD4A}.Debug|Any CPU.ActiveCfg = Debug|Any CPU
		{22B01A81-9264-0D6B-A42A-35ADA9ADAD4A}.Debug|Any CPU.Build.0 = Debug|Any CPU
		{22B01A81-9264-0D6B-A42A-35ADA9ADAD4A}.Release|Any CPU.ActiveCfg = Release|Any CPU
		{22B01A81-9264-0D6B-A42A-35ADA9ADAD4A}.Release|Any CPU.Build.0 = Release|Any CPU
	EndGlobalSection
	GlobalSection(SolutionProperties) = preSolution
		HideSolutionNode = FALSE
	EndGlobalSection
	GlobalSection(ExtensibilityGlobals) = postSolution
		SolutionGuid = {CC5BB2C9-0B4F-4920-BE5E-4989C99389CB}
	EndGlobalSection
EndGlobal
